
Microsoft Visual Studio Solution File, Format Version 12.00
# Visual Studio 15
VisualStudioVersion = 15.0.28307.1000
MinimumVisualStudioVersion = 10.0.40219.1
Project("{FAE04EC0-301F-11D3-BF4B-00C04F79EFBC}") = "SengYangIntroducingYourselfProject", "SengYangIntroducingYourselfProject\SengYangIntroducingYourselfProject.csproj", "{3583495B-4FBB-49D9-A0D2-6F4D62EE7115}"
EndProject
Global
	GlobalSection(SolutionConfigurationPlatforms) = preSolution
		Debug|Any CPU = Debug|Any CPU
		Release|Any CPU = Release|Any CPU
	EndGlobalSection
	GlobalSection(ProjectConfigurationPlatforms) = postSolution
		{3583495B-4FBB-49D9-A0D2-6F4D62EE7115}.Debug|Any CPU.ActiveCfg = Debug|Any CPU
		{3583495B-4FBB-49D9-A0D2-6F4D62EE7115}.Debug|Any CPU.Build.0 = Debug|Any CPU
		{3583495B-4FBB-49D9-A0D2-6F4D62EE7115}.Release|Any CPU.ActiveCfg = Release|Any CPU
		{3583495B-4FBB-49D9-A0D2-6F4D62EE7115}.Release|Any CPU.Build.0 = Release|Any CPU
	EndGlobalSection
	GlobalSection(SolutionProperties) = preSolution
		HideSolutionNode = FALSE
	EndGlobalSection
	GlobalSection(ExtensibilityGlobals) = postSolution
		SolutionGuid = {B82D3308-61B4-40B1-844E-D7D2B00B383A}
	EndGlobalSection
EndGlobal
